version: 2.0
shards:
  ameba:
    git: https://github.com/crystal-ameba/ameba.git
    version: 1.6.4

  atomic_write:
    git: https://github.com/chris-huxtable/atomic_write.cr.git
    version: 0.2.0

  baked_file_system:
    git: https://github.com/schovi/baked_file_system.git
    version: 0.11.0

  money:
    git: https://github.com/crystal-money/money.git
    version: 2.0.0-dev+git.commit.88763de468cd1fce55a786b138608442f488a3f6

  tallboy:
    git: https://github.com/epoch/tallboy.git
    version: 0.9.3

  tssc:
    git: https://github.com/sija/tssc.cr.git
    version: 1.0.0

