version: 2.0
shards:
  ameba:
    git: https://github.com/crystal-ameba/ameba.git
    version: 1.6.4

  baked_file_system:
    git: https://github.com/schovi/baked_file_system.git
    version: 0.11.0

  money:
    git: https://github.com/crystal-money/money.git
    version: 2.0.0-dev+git.commit.9666da3dffd43bf6edd31bec0032b63e346b93ba

  tallboy:
    git: https://github.com/epoch/tallboy.git
    version: 0.9.3

